PODS:
  - BaseAPI (0.1.12)
  - CrowdinSDK (1.2.1):
    - CrowdinSDK/Core (= 1.2.1)
    - CrowdinSDK/CrowdinProvider (= 1.2.1)
  - CrowdinSDK/Core (1.2.1)
  - CrowdinSDK/CrowdinAPI (1.2.1):
    - BaseAPI (~> 0.1.12)
    - CrowdinSDK/Core
    - Starscream (~> 3.1.0)
  - CrowdinSDK/CrowdinProvider (1.2.1):
    - CrowdinSDK/Core
    - CrowdinSDK/CrowdinAPI
  - CrowdinSDK/IntervalUpdate (1.2.1):
    - CrowdinSDK/Core
    - CrowdinSDK/CrowdinAPI
    - CrowdinSDK/CrowdinProvider
  - CrowdinSDK/LoginFeature (1.2.1):
    - BaseAPI (~> 0.1.12)
    - CrowdinSDK/Core
    - CrowdinSDK/CrowdinAPI
    - CrowdinSDK/CrowdinProvider
  - CrowdinSDK/RealtimeUpdate (1.2.1):
    - CrowdinSDK/Core
    - CrowdinSDK/CrowdinAPI
    - CrowdinSDK/CrowdinProvider
    - CrowdinSDK/LoginFeature
  - CrowdinSDK/RefreshLocalization (1.2.1):
    - CrowdinSDK/Core
    - CrowdinSDK/CrowdinAPI
    - CrowdinSDK/CrowdinProvider
  - CrowdinSDK/Screenshots (1.2.1):
    - CrowdinSDK/Core
    - CrowdinSDK/CrowdinAPI
    - CrowdinSDK/CrowdinProvider
    - CrowdinSDK/LoginFeature
  - CrowdinSDK/Settings (1.2.1):
    - CrowdinSDK/Core
    - CrowdinSDK/CrowdinAPI
    - CrowdinSDK/CrowdinProvider
    - CrowdinSDK/IntervalUpdate
    - CrowdinSDK/LoginFeature
    - CrowdinSDK/RealtimeUpdate
    - CrowdinSDK/RefreshLocalization
    - CrowdinSDK/Screenshots
  - LookinServer (1.0.2)
  - Starscream (3.1.1)

DEPENDENCIES:
  - CrowdinSDK
  - CrowdinSDK/LoginFeature
  - CrowdinSDK/RealtimeUpdate
  - CrowdinSDK/Screenshots
  - CrowdinSDK/Settings
  - LookinServer

SPEC REPOS:
  trunk:
    - BaseAPI
    - CrowdinSDK
    - LookinServer
    - Starscream

SPEC CHECKSUMS:
  BaseAPI: 84c9b49d75b8be1e9d7facd66bd14082eee499e4
  CrowdinSDK: 049fd598b93bacf2dcb4b5fbdea54cca61c59fa3
  LookinServer: d6874df8b58096c8d463817b6baaa3abc21d31f7
  Starscream: 4bb2f9942274833f7b4d296a55504dcfc7edb7b0

PODFILE CHECKSUM: dfb73173184b0923dcbb5a3128513541a90b7a1d

COCOAPODS: 1.10.1
